
Microsoft Visual Studio Solution File, Format Version 12.00
# Visual Studio Version 17
VisualStudioVersion = 17.9.34728.123
MinimumVisualStudioVersion = 10.0.40219.1
Project("{FAE04EC0-301F-11D3-BF4B-00C04F79EFBC}") = "Latih10_KoneksiDatabase", "Latih10_KoneksiDatabase\Latih10_KoneksiDatabase.csproj", "{2C7C3F1E-10E7-45B8-88DC-3C28D30AA4AE}"
EndProject
Global
	GlobalSection(SolutionConfigurationPlatforms) = preSolution
		Debug|Any CPU = Debug|Any CPU
		Release|Any CPU = Release|Any CPU
	EndGlobalSection
	GlobalSection(ProjectConfigurationPlatforms) = postSolution
		{2C7C3F1E-10E7-45B8-88DC-3C28D30AA4AE}.Debug|Any CPU.ActiveCfg = Debug|Any CPU
		{2C7C3F1E-10E7-45B8-88DC-3C28D30AA4AE}.Debug|Any CPU.Build.0 = Debug|Any CPU
		{2C7C3F1E-10E7-45B8-88DC-3C28D30AA4AE}.Release|Any CPU.ActiveCfg = Release|Any CPU
		{2C7C3F1E-10E7-45B8-88DC-3C28D30AA4AE}.Release|Any CPU.Build.0 = Release|Any CPU
	EndGlobalSection
	GlobalSection(SolutionProperties) = preSolution
		HideSolutionNode = FALSE
	EndGlobalSection
	GlobalSection(ExtensibilityGlobals) = postSolution
		SolutionGuid = {D3B7C5A3-45EE-4951-86E4-6F988C8FF705}
	EndGlobalSection
EndGlobal
