
Microsoft Visual Studio Solution File, Format Version 12.00
# Visual Studio Version 17
VisualStudioVersion = 17.9.34728.123
MinimumVisualStudioVersion = 10.0.40219.1
Project("{FAE04EC0-301F-11D3-BF4B-00C04F79EFBC}") = "Calculator Sederhana", "Calculator Sederhana\Calculator Sederhana.csproj", "{D2B4E257-D92C-4940-BE88-CD647951AFAE}"
EndProject
Global
	GlobalSection(SolutionConfigurationPlatforms) = preSolution
		Debug|Any CPU = Debug|Any CPU
		Release|Any CPU = Release|Any CPU
	EndGlobalSection
	GlobalSection(ProjectConfigurationPlatforms) = postSolution
		{D2B4E257-D92C-4940-BE88-CD647951AFAE}.Debug|Any CPU.ActiveCfg = Debug|Any CPU
		{D2B4E257-D92C-4940-BE88-CD647951AFAE}.Debug|Any CPU.Build.0 = Debug|Any CPU
		{D2B4E257-D92C-4940-BE88-CD647951AFAE}.Release|Any CPU.ActiveCfg = Release|Any CPU
		{D2B4E257-D92C-4940-BE88-CD647951AFAE}.Release|Any CPU.Build.0 = Release|Any CPU
	EndGlobalSection
	GlobalSection(SolutionProperties) = preSolution
		HideSolutionNode = FALSE
	EndGlobalSection
	GlobalSection(ExtensibilityGlobals) = postSolution
		SolutionGuid = {632FFD6D-26BA-4537-9877-6794BA903DBD}
	EndGlobalSection
EndGlobal
